
Microsoft Visual Studio Solution File, Format Version 12.00
# Visual Studio Version 18
VisualStudioVersion = 18.0.11205.157
MinimumVisualStudioVersion = 10.0.40219.1
Project("{2150E333-8FDC-42A3-9474-1A3956D46DE8}") = "src", "src", "{827E0CD3-B72D-47B6-A68D-7590B98EB39B}"
EndProject
Project("{2150E333-8FDC-42A3-9474-1A3956D46DE8}") = "AppHost", "AppHost", "{63882A7C-90E5-DEE3-63BB-E6ABDBC8A365}"
EndProject
Project("{FAE04EC0-301F-11D3-BF4B-00C04F79EFBC}") = "TempooERP.AppHost", "src\AppHost\TempooERP.AppHost.csproj", "{57D5046D-0A19-434D-858F-A734A725CED5}"
EndProject
Project("{2150E333-8FDC-42A3-9474-1A3956D46DE8}") = "ServiceDefaults", "ServiceDefaults", "{5FC1494C-0D8C-79D1-FFF2-37E95F57AB9F}"
EndProject
Project("{FAE04EC0-301F-11D3-BF4B-00C04F79EFBC}") = "TempooERP.ServiceDefaults", "src\ServiceDefaults\TempooERP.ServiceDefaults.csproj", "{903A02C0-18B7-4C31-BBC3-337A3AFF0181}"
EndProject
Project("{2150E333-8FDC-42A3-9474-1A3956D46DE8}") = "Api", "Api", "{81034408-37C8-1011-444E-4C15C2FADA8E}"
EndProject
Project("{FAE04EC0-301F-11D3-BF4B-00C04F79EFBC}") = "TempooERP.Api", "src\Api\TempooERP.Api.csproj", "{10274233-5B2E-4772-AE85-399AF08ED9FC}"
EndProject
Project("{2150E333-8FDC-42A3-9474-1A3956D46DE8}") = "BuildingBlocks", "BuildingBlocks", "{90298CBA-BD6F-3A0A-69D5-97CAD7B05E7E}"
EndProject
Project("{FAE04EC0-301F-11D3-BF4B-00C04F79EFBC}") = "TempooERP.BuildingBlocks", "src\BuildingBlocks\TempooERP.BuildingBlocks.csproj", "{1D8A894B-9101-4D86-8D18-ACE5DC5D45A4}"
EndProject
Project("{2150E333-8FDC-42A3-9474-1A3956D46DE8}") = "Infrastructure", "Infrastructure", "{9048EB7F-3875-A59E-E36B-5BD4C6F2A282}"
EndProject
Project("{FAE04EC0-301F-11D3-BF4B-00C04F79EFBC}") = "TempooERP.Infrastructure", "src\Infrastructure\TempooERP.Infrastructure.csproj", "{74F25A25-BFD9-4B35-BFED-F175D7913C94}"
EndProject
Project("{2150E333-8FDC-42A3-9474-1A3956D46DE8}") = "Modules", "Modules", "{EC447DCF-ABFA-6E24-52A5-D7FD48A5C558}"
EndProject
Project("{2150E333-8FDC-42A3-9474-1A3956D46DE8}") = "Identity", "Identity", "{0EC62A1A-9858-3A60-8A0C-FC9AACFA2EC7}"
EndProject
Project("{FAE04EC0-301F-11D3-BF4B-00C04F79EFBC}") = "TempooERP.Modules.Identity", "src\Modules\Identity\TempooERP.Modules.Identity.csproj", "{2A70AF25-A447-4264-86AD-392B4FE230A2}"
EndProject
Project("{2150E333-8FDC-42A3-9474-1A3956D46DE8}") = "Catalog", "Catalog", "{1E1EF545-4C18-AEE2-B997-7EF431518D3F}"
EndProject
Project("{FAE04EC0-301F-11D3-BF4B-00C04F79EFBC}") = "TempooERP.Modules.Catalog", "src\Modules\Catalog\TempooERP.Modules.Catalog.csproj", "{6BFAEE03-3AB6-4C15-A89A-D391E267F0A6}"
EndProject
Project("{FAE04EC0-301F-11D3-BF4B-00C04F79EFBC}") = "TempooERP.Modules.Catalog.Contracts", "src\Modules\Catalog\Contracts\TempooERP.Modules.Catalog.Contracts.csproj", "{A1E2B6D3-4F5C-4A9B-8E21-9F6C7D8E9F10}"
EndProject
Project("{2150E333-8FDC-42A3-9474-1A3956D46DE8}") = "Sales", "Sales", "{D2CAED6B-FC59-4178-6320-5EDC21A9F743}"
EndProject
Project("{FAE04EC0-301F-11D3-BF4B-00C04F79EFBC}") = "TempooERP.Modules.Sales", "src\Modules\Sales\TempooERP.Modules.Sales.csproj", "{81B968E2-B754-4E87-8BE4-E856543F8384}"
EndProject
Project("{2150E333-8FDC-42A3-9474-1A3956D46DE8}") = "Billing", "Billing", "{61DCC6D7-ECE4-129F-6A42-39B2DD414C68}"
EndProject
Project("{FAE04EC0-301F-11D3-BF4B-00C04F79EFBC}") = "TempooERP.Modules.Billing", "src\Modules\Billing\TempooERP.Modules.Billing.csproj", "{5C0D983E-F48D-4DA8-994E-414F0B781330}"
EndProject
Project("{2150E333-8FDC-42A3-9474-1A3956D46DE8}") = "Notifications", "Notifications", "{DE9DAF8A-E684-0FD3-FFDC-40D3E3158533}"
EndProject
Project("{FAE04EC0-301F-11D3-BF4B-00C04F79EFBC}") = "TempooERP.Modules.Notifications", "src\Modules\Notifications\TempooERP.Modules.Notifications.csproj", "{48CFC327-C815-410A-8EE5-05A3A9BD5B50}"
EndProject
Project("{2150E333-8FDC-42A3-9474-1A3956D46DE8}") = "Analytics", "Analytics", "{DA0A0FAD-B77D-FDD6-35C5-001386650F99}"
EndProject
Project("{FAE04EC0-301F-11D3-BF4B-00C04F79EFBC}") = "TempooERP.Modules.Analytics", "src\Modules\Analytics\TempooERP.Modules.Analytics.csproj", "{1659B86D-DB82-482B-A16B-E824F596CA52}"
EndProject
Project("{2150E333-8FDC-42A3-9474-1A3956D46DE8}") = "Settings", "Settings", "{0587C5BB-3015-204D-19B6-EB01E03E48B6}"
EndProject
Project("{FAE04EC0-301F-11D3-BF4B-00C04F79EFBC}") = "TempooERP.Modules.Settings", "src\Modules\Settings\TempooERP.Modules.Settings.csproj", "{5F609D3F-A92F-45EA-99EB-70FE8662315E}"
EndProject
Project("{2150E333-8FDC-42A3-9474-1A3956D46DE8}") = "Solution Items", "Solution Items", "{11E3AD7B-BB01-463E-83F0-66DD1438A4F0}"
	ProjectSection(SolutionItems) = preProject
		.editorconfig = .editorconfig
		Directory.Packages.props = Directory.Packages.props
	EndProjectSection
EndProject
Global
	GlobalSection(SolutionConfigurationPlatforms) = preSolution
		Debug|Any CPU = Debug|Any CPU
		Debug|x64 = Debug|x64
		Debug|x86 = Debug|x86
		Release|Any CPU = Release|Any CPU
		Release|x64 = Release|x64
		Release|x86 = Release|x86
	EndGlobalSection
	GlobalSection(ProjectConfigurationPlatforms) = postSolution
		{57D5046D-0A19-434D-858F-A734A725CED5}.Debug|Any CPU.ActiveCfg = Debug|Any CPU
		{57D5046D-0A19-434D-858F-A734A725CED5}.Debug|Any CPU.Build.0 = Debug|Any CPU
		{57D5046D-0A19-434D-858F-A734A725CED5}.Debug|x64.ActiveCfg = Debug|Any CPU
		{57D5046D-0A19-434D-858F-A734A725CED5}.Debug|x64.Build.0 = Debug|Any CPU
		{57D5046D-0A19-434D-858F-A734A725CED5}.Debug|x86.ActiveCfg = Debug|Any CPU
		{57D5046D-0A19-434D-858F-A734A725CED5}.Debug|x86.Build.0 = Debug|Any CPU
		{57D5046D-0A19-434D-858F-A734A725CED5}.Release|Any CPU.ActiveCfg = Release|Any CPU
		{57D5046D-0A19-434D-858F-A734A725CED5}.Release|Any CPU.Build.0 = Release|Any CPU
		{57D5046D-0A19-434D-858F-A734A725CED5}.Release|x64.ActiveCfg = Release|Any CPU
		{57D5046D-0A19-434D-858F-A734A725CED5}.Release|x64.Build.0 = Release|Any CPU
		{57D5046D-0A19-434D-858F-A734A725CED5}.Release|x86.ActiveCfg = Release|Any CPU
		{57D5046D-0A19-434D-858F-A734A725CED5}.Release|x86.Build.0 = Release|Any CPU
		{903A02C0-18B7-4C31-BBC3-337A3AFF0181}.Debug|Any CPU.ActiveCfg = Debug|Any CPU
		{903A02C0-18B7-4C31-BBC3-337A3AFF0181}.Debug|Any CPU.Build.0 = Debug|Any CPU
		{903A02C0-18B7-4C31-BBC3-337A3AFF0181}.Debug|x64.ActiveCfg = Debug|Any CPU
		{903A02C0-18B7-4C31-BBC3-337A3AFF0181}.Debug|x64.Build.0 = Debug|Any CPU
		{903A02C0-18B7-4C31-BBC3-337A3AFF0181}.Debug|x86.ActiveCfg = Debug|Any CPU
		{903A02C0-18B7-4C31-BBC3-337A3AFF0181}.Debug|x86.Build.0 = Debug|Any CPU
		{903A02C0-18B7-4C31-BBC3-337A3AFF0181}.Release|Any CPU.ActiveCfg = Release|Any CPU
		{903A02C0-18B7-4C31-BBC3-337A3AFF0181}.Release|Any CPU.Build.0 = Release|Any CPU
		{903A02C0-18B7-4C31-BBC3-337A3AFF0181}.Release|x64.ActiveCfg = Release|Any CPU
		{903A02C0-18B7-4C31-BBC3-337A3AFF0181}.Release|x64.Build.0 = Release|Any CPU
		{903A02C0-18B7-4C31-BBC3-337A3AFF0181}.Release|x86.ActiveCfg = Release|Any CPU
		{903A02C0-18B7-4C31-BBC3-337A3AFF0181}.Release|x86.Build.0 = Release|Any CPU
		{10274233-5B2E-4772-AE85-399AF08ED9FC}.Debug|Any CPU.ActiveCfg = Debug|Any CPU
		{10274233-5B2E-4772-AE85-399AF08ED9FC}.Debug|Any CPU.Build.0 = Debug|Any CPU
		{10274233-5B2E-4772-AE85-399AF08ED9FC}.Debug|x64.ActiveCfg = Debug|Any CPU
		{10274233-5B2E-4772-AE85-399AF08ED9FC}.Debug|x64.Build.0 = Debug|Any CPU
		{10274233-5B2E-4772-AE85-399AF08ED9FC}.Debug|x86.ActiveCfg = Debug|Any CPU
		{10274233-5B2E-4772-AE85-399AF08ED9FC}.Debug|x86.Build.0 = Debug|Any CPU
		{10274233-5B2E-4772-AE85-399AF08ED9FC}.Release|Any CPU.ActiveCfg = Release|Any CPU
		{10274233-5B2E-4772-AE85-399AF08ED9FC}.Release|Any CPU.Build.0 = Release|Any CPU
		{10274233-5B2E-4772-AE85-399AF08ED9FC}.Release|x64.ActiveCfg = Release|Any CPU
		{10274233-5B2E-4772-AE85-399AF08ED9FC}.Release|x64.Build.0 = Release|Any CPU
		{10274233-5B2E-4772-AE85-399AF08ED9FC}.Release|x86.ActiveCfg = Release|Any CPU
		{10274233-5B2E-4772-AE85-399AF08ED9FC}.Release|x86.Build.0 = Release|Any CPU
		{1D8A894B-9101-4D86-8D18-ACE5DC5D45A4}.Debug|Any CPU.ActiveCfg = Debug|Any CPU
		{1D8A894B-9101-4D86-8D18-ACE5DC5D45A4}.Debug|Any CPU.Build.0 = Debug|Any CPU
		{1D8A894B-9101-4D86-8D18-ACE5DC5D45A4}.Debug|x64.ActiveCfg = Debug|Any CPU
		{1D8A894B-9101-4D86-8D18-ACE5DC5D45A4}.Debug|x64.Build.0 = Debug|Any CPU
		{1D8A894B-9101-4D86-8D18-ACE5DC5D45A4}.Debug|x86.ActiveCfg = Debug|Any CPU
		{1D8A894B-9101-4D86-8D18-ACE5DC5D45A4}.Debug|x86.Build.0 = Debug|Any CPU
		{1D8A894B-9101-4D86-8D18-ACE5DC5D45A4}.Release|Any CPU.ActiveCfg = Release|Any CPU
		{1D8A894B-9101-4D86-8D18-ACE5DC5D45A4}.Release|Any CPU.Build.0 = Release|Any CPU
		{1D8A894B-9101-4D86-8D18-ACE5DC5D45A4}.Release|x64.ActiveCfg = Release|Any CPU
		{1D8A894B-9101-4D86-8D18-ACE5DC5D45A4}.Release|x64.Build.0 = Release|Any CPU
		{1D8A894B-9101-4D86-8D18-ACE5DC5D45A4}.Release|x86.ActiveCfg = Release|Any CPU
		{1D8A894B-9101-4D86-8D18-ACE5DC5D45A4}.Release|x86.Build.0 = Release|Any CPU
		{74F25A25-BFD9-4B35-BFED-F175D7913C94}.Debug|Any CPU.ActiveCfg = Debug|Any CPU
		{74F25A25-BFD9-4B35-BFED-F175D7913C94}.Debug|Any CPU.Build.0 = Debug|Any CPU
		{74F25A25-BFD9-4B35-BFED-F175D7913C94}.Debug|x64.ActiveCfg = Debug|Any CPU
		{74F25A25-BFD9-4B35-BFED-F175D7913C94}.Debug|x64.Build.0 = Debug|Any CPU
		{74F25A25-BFD9-4B35-BFED-F175D7913C94}.Debug|x86.ActiveCfg = Debug|Any CPU
		{74F25A25-BFD9-4B35-BFED-F175D7913C94}.Debug|x86.Build.0 = Debug|Any CPU
		{74F25A25-BFD9-4B35-BFED-F175D7913C94}.Release|Any CPU.ActiveCfg = Release|Any CPU
		{74F25A25-BFD9-4B35-BFED-F175D7913C94}.Release|Any CPU.Build.0 = Release|Any CPU
		{74F25A25-BFD9-4B35-BFED-F175D7913C94}.Release|x64.ActiveCfg = Release|Any CPU
		{74F25A25-BFD9-4B35-BFED-F175D7913C94}.Release|x64.Build.0 = Release|Any CPU
		{74F25A25-BFD9-4B35-BFED-F175D7913C94}.Release|x86.ActiveCfg = Release|Any CPU
		{74F25A25-BFD9-4B35-BFED-F175D7913C94}.Release|x86.Build.0 = Release|Any CPU
		{2A70AF25-A447-4264-86AD-392B4FE230A2}.Debug|Any CPU.ActiveCfg = Debug|Any CPU
		{2A70AF25-A447-4264-86AD-392B4FE230A2}.Debug|Any CPU.Build.0 = Debug|Any CPU
		{2A70AF25-A447-4264-86AD-392B4FE230A2}.Debug|x64.ActiveCfg = Debug|Any CPU
		{2A70AF25-A447-4264-86AD-392B4FE230A2}.Debug|x64.Build.0 = Debug|Any CPU
		{2A70AF25-A447-4264-86AD-392B4FE230A2}.Debug|x86.ActiveCfg = Debug|Any CPU
		{2A70AF25-A447-4264-86AD-392B4FE230A2}.Debug|x86.Build.0 = Debug|Any CPU
		{2A70AF25-A447-4264-86AD-392B4FE230A2}.Release|Any CPU.ActiveCfg = Release|Any CPU
		{2A70AF25-A447-4264-86AD-392B4FE230A2}.Release|Any CPU.Build.0 = Release|Any CPU
		{2A70AF25-A447-4264-86AD-392B4FE230A2}.Release|x64.ActiveCfg = Release|Any CPU
		{2A70AF25-A447-4264-86AD-392B4FE230A2}.Release|x64.Build.0 = Release|Any CPU
		{2A70AF25-A447-4264-86AD-392B4FE230A2}.Release|x86.ActiveCfg = Release|Any CPU
		{2A70AF25-A447-4264-86AD-392B4FE230A2}.Release|x86.Build.0 = Release|Any CPU
		{6BFAEE03-3AB6-4C15-A89A-D391E267F0A6}.Debug|Any CPU.ActiveCfg = Debug|Any CPU
		{6BFAEE03-3AB6-4C15-A89A-D391E267F0A6}.Debug|Any CPU.Build.0 = Debug|Any CPU
		{6BFAEE03-3AB6-4C15-A89A-D391E267F0A6}.Debug|x64.ActiveCfg = Debug|Any CPU
		{6BFAEE03-3AB6-4C15-A89A-D391E267F0A6}.Debug|x64.Build.0 = Debug|Any CPU
		{6BFAEE03-3AB6-4C15-A89A-D391E267F0A6}.Debug|x86.ActiveCfg = Debug|Any CPU
		{6BFAEE03-3AB6-4C15-A89A-D391E267F0A6}.Debug|x86.Build.0 = Debug|Any CPU
		{6BFAEE03-3AB6-4C15-A89A-D391E267F0A6}.Release|Any CPU.ActiveCfg = Release|Any CPU
		{6BFAEE03-3AB6-4C15-A89A-D391E267F0A6}.Release|Any CPU.Build.0 = Release|Any CPU
		{6BFAEE03-3AB6-4C15-A89A-D391E267F0A6}.Release|x64.ActiveCfg = Release|Any CPU
		{6BFAEE03-3AB6-4C15-A89A-D391E267F0A6}.Release|x64.Build.0 = Release|Any CPU
		{6BFAEE03-3AB6-4C15-A89A-D391E267F0A6}.Release|x86.ActiveCfg = Release|Any CPU
		{6BFAEE03-3AB6-4C15-A89A-D391E267F0A6}.Release|x86.Build.0 = Release|Any CPU
		{A1E2B6D3-4F5C-4A9B-8E21-9F6C7D8E9F10}.Debug|Any CPU.ActiveCfg = Debug|Any CPU
		{A1E2B6D3-4F5C-4A9B-8E21-9F6C7D8E9F10}.Debug|Any CPU.Build.0 = Debug|Any CPU
		{A1E2B6D3-4F5C-4A9B-8E21-9F6C7D8E9F10}.Debug|x64.ActiveCfg = Debug|Any CPU
		{A1E2B6D3-4F5C-4A9B-8E21-9F6C7D8E9F10}.Debug|x64.Build.0 = Debug|Any CPU
		{A1E2B6D3-4F5C-4A9B-8E21-9F6C7D8E9F10}.Debug|x86.ActiveCfg = Debug|Any CPU
		{A1E2B6D3-4F5C-4A9B-8E21-9F6C7D8E9F10}.Debug|x86.Build.0 = Debug|Any CPU
		{A1E2B6D3-4F5C-4A9B-8E21-9F6C7D8E9F10}.Release|Any CPU.ActiveCfg = Release|Any CPU
		{A1E2B6D3-4F5C-4A9B-8E21-9F6C7D8E9F10}.Release|Any CPU.Build.0 = Release|Any CPU
		{A1E2B6D3-4F5C-4A9B-8E21-9F6C7D8E9F10}.Release|x64.ActiveCfg = Release|Any CPU
		{A1E2B6D3-4F5C-4A9B-8E21-9F6C7D8E9F10}.Release|x64.Build.0 = Release|Any CPU
		{A1E2B6D3-4F5C-4A9B-8E21-9F6C7D8E9F10}.Release|x86.ActiveCfg = Release|Any CPU
		{A1E2B6D3-4F5C-4A9B-8E21-9F6C7D8E9F10}.Release|x86.Build.0 = Release|Any CPU
		{81B968E2-B754-4E87-8BE4-E856543F8384}.Debug|Any CPU.ActiveCfg = Debug|Any CPU
		{81B968E2-B754-4E87-8BE4-E856543F8384}.Debug|Any CPU.Build.0 = Debug|Any CPU
		{81B968E2-B754-4E87-8BE4-E856543F8384}.Debug|x64.ActiveCfg = Debug|Any CPU
		{81B968E2-B754-4E87-8BE4-E856543F8384}.Debug|x64.Build.0 = Debug|Any CPU
		{81B968E2-B754-4E87-8BE4-E856543F8384}.Debug|x86.ActiveCfg = Debug|Any CPU
		{81B968E2-B754-4E87-8BE4-E856543F8384}.Debug|x86.Build.0 = Debug|Any CPU
		{81B968E2-B754-4E87-8BE4-E856543F8384}.Release|Any CPU.ActiveCfg = Release|Any CPU
		{81B968E2-B754-4E87-8BE4-E856543F8384}.Release|Any CPU.Build.0 = Release|Any CPU
		{81B968E2-B754-4E87-8BE4-E856543F8384}.Release|x64.ActiveCfg = Release|Any CPU
		{81B968E2-B754-4E87-8BE4-E856543F8384}.Release|x64.Build.0 = Release|Any CPU
		{81B968E2-B754-4E87-8BE4-E856543F8384}.Release|x86.ActiveCfg = Release|Any CPU
		{81B968E2-B754-4E87-8BE4-E856543F8384}.Release|x86.Build.0 = Release|Any CPU
		{5C0D983E-F48D-4DA8-994E-414F0B781330}.Debug|Any CPU.ActiveCfg = Debug|Any CPU
		{5C0D983E-F48D-4DA8-994E-414F0B781330}.Debug|Any CPU.Build.0 = Debug|Any CPU
		{5C0D983E-F48D-4DA8-994E-414F0B781330}.Debug|x64.ActiveCfg = Debug|Any CPU
		{5C0D983E-F48D-4DA8-994E-414F0B781330}.Debug|x64.Build.0 = Debug|Any CPU
		{5C0D983E-F48D-4DA8-994E-414F0B781330}.Debug|x86.ActiveCfg = Debug|Any CPU
		{5C0D983E-F48D-4DA8-994E-414F0B781330}.Debug|x86.Build.0 = Debug|Any CPU
		{5C0D983E-F48D-4DA8-994E-414F0B781330}.Release|Any CPU.ActiveCfg = Release|Any CPU
		{5C0D983E-F48D-4DA8-994E-414F0B781330}.Release|Any CPU.Build.0 = Release|Any CPU
		{5C0D983E-F48D-4DA8-994E-414F0B781330}.Release|x64.ActiveCfg = Release|Any CPU
		{5C0D983E-F48D-4DA8-994E-414F0B781330}.Release|x64.Build.0 = Release|Any CPU
		{5C0D983E-F48D-4DA8-994E-414F0B781330}.Release|x86.ActiveCfg = Release|Any CPU
		{5C0D983E-F48D-4DA8-994E-414F0B781330}.Release|x86.Build.0 = Release|Any CPU
		{48CFC327-C815-410A-8EE5-05A3A9BD5B50}.Debug|Any CPU.ActiveCfg = Debug|Any CPU
		{48CFC327-C815-410A-8EE5-05A3A9BD5B50}.Debug|Any CPU.Build.0 = Debug|Any CPU
		{48CFC327-C815-410A-8EE5-05A3A9BD5B50}.Debug|x64.ActiveCfg = Debug|Any CPU
		{48CFC327-C815-410A-8EE5-05A3A9BD5B50}.Debug|x64.Build.0 = Debug|Any CPU
		{48CFC327-C815-410A-8EE5-05A3A9BD5B50}.Debug|x86.ActiveCfg = Debug|Any CPU
		{48CFC327-C815-410A-8EE5-05A3A9BD5B50}.Debug|x86.Build.0 = Debug|Any CPU
		{48CFC327-C815-410A-8EE5-05A3A9BD5B50}.Release|Any CPU.ActiveCfg = Release|Any CPU
		{48CFC327-C815-410A-8EE5-05A3A9BD5B50}.Release|Any CPU.Build.0 = Release|Any CPU
		{48CFC327-C815-410A-8EE5-05A3A9BD5B50}.Release|x64.ActiveCfg = Release|Any CPU
		{48CFC327-C815-410A-8EE5-05A3A9BD5B50}.Release|x64.Build.0 = Release|Any CPU
		{48CFC327-C815-410A-8EE5-05A3A9BD5B50}.Release|x86.ActiveCfg = Release|Any CPU
		{48CFC327-C815-410A-8EE5-05A3A9BD5B50}.Release|x86.Build.0 = Release|Any CPU
		{1659B86D-DB82-482B-A16B-E824F596CA52}.Debug|Any CPU.ActiveCfg = Debug|Any CPU
		{1659B86D-DB82-482B-A16B-E824F596CA52}.Debug|Any CPU.Build.0 = Debug|Any CPU
		{1659B86D-DB82-482B-A16B-E824F596CA52}.Debug|x64.ActiveCfg = Debug|Any CPU
		{1659B86D-DB82-482B-A16B-E824F596CA52}.Debug|x64.Build.0 = Debug|Any CPU
		{1659B86D-DB82-482B-A16B-E824F596CA52}.Debug|x86.ActiveCfg = Debug|Any CPU
		{1659B86D-DB82-482B-A16B-E824F596CA52}.Debug|x86.Build.0 = Debug|Any CPU
		{1659B86D-DB82-482B-A16B-E824F596CA52}.Release|Any CPU.ActiveCfg = Release|Any CPU
		{1659B86D-DB82-482B-A16B-E824F596CA52}.Release|Any CPU.Build.0 = Release|Any CPU
		{1659B86D-DB82-482B-A16B-E824F596CA52}.Release|x64.ActiveCfg = Release|Any CPU
		{1659B86D-DB82-482B-A16B-E824F596CA52}.Release|x64.Build.0 = Release|Any CPU
		{1659B86D-DB82-482B-A16B-E824F596CA52}.Release|x86.ActiveCfg = Release|Any CPU
		{1659B86D-DB82-482B-A16B-E824F596CA52}.Release|x86.Build.0 = Release|Any CPU
		{5F609D3F-A92F-45EA-99EB-70FE8662315E}.Debug|Any CPU.ActiveCfg = Debug|Any CPU
		{5F609D3F-A92F-45EA-99EB-70FE8662315E}.Debug|Any CPU.Build.0 = Debug|Any CPU
		{5F609D3F-A92F-45EA-99EB-70FE8662315E}.Debug|x64.ActiveCfg = Debug|Any CPU
		{5F609D3F-A92F-45EA-99EB-70FE8662315E}.Debug|x64.Build.0 = Debug|Any CPU
		{5F609D3F-A92F-45EA-99EB-70FE8662315E}.Debug|x86.ActiveCfg = Debug|Any CPU
		{5F609D3F-A92F-45EA-99EB-70FE8662315E}.Debug|x86.Build.0 = Debug|Any CPU
		{5F609D3F-A92F-45EA-99EB-70FE8662315E}.Release|Any CPU.ActiveCfg = Release|Any CPU
		{5F609D3F-A92F-45EA-99EB-70FE8662315E}.Release|Any CPU.Build.0 = Release|Any CPU
		{5F609D3F-A92F-45EA-99EB-70FE8662315E}.Release|x64.ActiveCfg = Release|Any CPU
		{5F609D3F-A92F-45EA-99EB-70FE8662315E}.Release|x64.Build.0 = Release|Any CPU
		{5F609D3F-A92F-45EA-99EB-70FE8662315E}.Release|x86.ActiveCfg = Release|Any CPU
		{5F609D3F-A92F-45EA-99EB-70FE8662315E}.Release|x86.Build.0 = Release|Any CPU
	EndGlobalSection
	GlobalSection(SolutionProperties) = preSolution
		HideSolutionNode = FALSE
	EndGlobalSection
	GlobalSection(NestedProjects) = preSolution
		{63882A7C-90E5-DEE3-63BB-E6ABDBC8A365} = {827E0CD3-B72D-47B6-A68D-7590B98EB39B}
		{57D5046D-0A19-434D-858F-A734A725CED5} = {63882A7C-90E5-DEE3-63BB-E6ABDBC8A365}
		{5FC1494C-0D8C-79D1-FFF2-37E95F57AB9F} = {827E0CD3-B72D-47B6-A68D-7590B98EB39B}
		{903A02C0-18B7-4C31-BBC3-337A3AFF0181} = {5FC1494C-0D8C-79D1-FFF2-37E95F57AB9F}
		{81034408-37C8-1011-444E-4C15C2FADA8E} = {827E0CD3-B72D-47B6-A68D-7590B98EB39B}
		{10274233-5B2E-4772-AE85-399AF08ED9FC} = {81034408-37C8-1011-444E-4C15C2FADA8E}
		{90298CBA-BD6F-3A0A-69D5-97CAD7B05E7E} = {827E0CD3-B72D-47B6-A68D-7590B98EB39B}
		{1D8A894B-9101-4D86-8D18-ACE5DC5D45A4} = {90298CBA-BD6F-3A0A-69D5-97CAD7B05E7E}
		{9048EB7F-3875-A59E-E36B-5BD4C6F2A282} = {827E0CD3-B72D-47B6-A68D-7590B98EB39B}
		{74F25A25-BFD9-4B35-BFED-F175D7913C94} = {9048EB7F-3875-A59E-E36B-5BD4C6F2A282}
		{EC447DCF-ABFA-6E24-52A5-D7FD48A5C558} = {827E0CD3-B72D-47B6-A68D-7590B98EB39B}
		{0EC62A1A-9858-3A60-8A0C-FC9AACFA2EC7} = {EC447DCF-ABFA-6E24-52A5-D7FD48A5C558}
		{2A70AF25-A447-4264-86AD-392B4FE230A2} = {0EC62A1A-9858-3A60-8A0C-FC9AACFA2EC7}
		{1E1EF545-4C18-AEE2-B997-7EF431518D3F} = {EC447DCF-ABFA-6E24-52A5-D7FD48A5C558}
		{6BFAEE03-3AB6-4C15-A89A-D391E267F0A6} = {1E1EF545-4C18-AEE2-B997-7EF431518D3F}
		{A1E2B6D3-4F5C-4A9B-8E21-9F6C7D8E9F10} = {1E1EF545-4C18-AEE2-B997-7EF431518D3F}
		{D2CAED6B-FC59-4178-6320-5EDC21A9F743} = {EC447DCF-ABFA-6E24-52A5-D7FD48A5C558}
		{81B968E2-B754-4E87-8BE4-E856543F8384} = {D2CAED6B-FC59-4178-6320-5EDC21A9F743}
		{61DCC6D7-ECE4-129F-6A42-39B2DD414C68} = {EC447DCF-ABFA-6E24-52A5-D7FD48A5C558}
		{5C0D983E-F48D-4DA8-994E-414F0B781330} = {61DCC6D7-ECE4-129F-6A42-39B2DD414C68}
		{DE9DAF8A-E684-0FD3-FFDC-40D3E3158533} = {EC447DCF-ABFA-6E24-52A5-D7FD48A5C558}
		{48CFC327-C815-410A-8EE5-05A3A9BD5B50} = {DE9DAF8A-E684-0FD3-FFDC-40D3E3158533}
		{DA0A0FAD-B77D-FDD6-35C5-001386650F99} = {EC447DCF-ABFA-6E24-52A5-D7FD48A5C558}
		{1659B86D-DB82-482B-A16B-E824F596CA52} = {DA0A0FAD-B77D-FDD6-35C5-001386650F99}
		{0587C5BB-3015-204D-19B6-EB01E03E48B6} = {EC447DCF-ABFA-6E24-52A5-D7FD48A5C558}
		{5F609D3F-A92F-45EA-99EB-70FE8662315E} = {0587C5BB-3015-204D-19B6-EB01E03E48B6}
	EndGlobalSection
	GlobalSection(ExtensibilityGlobals) = postSolution
		SolutionGuid = {02FA2CCA-03A2-4651-8947-F01BD3AB49AB}
	EndGlobalSection
EndGlobal
